PODS:
  - SYFlatButton (1.4)

DEPENDENCIES:
  - SYFlatButton (from `https://github.com/Sunnyyoung/SYFlatButton.git`)

EXTERNAL SOURCES:
  SYFlatButton:
    :git: https://github.com/Sunnyyoung/SYFlatButton.git

CHECKOUT OPTIONS:
  SYFlatButton:
    :commit: bbfbd2742eec76b0b19f6cfc4b07ecb5c9544c61
    :git: https://github.com/Sunnyyoung/SYFlatButton.git

SPEC CHECKSUMS:
  SYFlatButton: 324d51dac27a15e6feb572c17a36f11b1ae5edd5

PODFILE CHECKSUM: d260398b4086074352ebf3652997704e21b1ba0a

COCOAPODS: 1.3.1
